github.com/webermarci/pantry v0.9.0 h1:/wFGU2bgHF6XhLLRcViVgH+3zk7iSRQMdXSHxCfGq6g=
github.com/webermarci/pantry v0.9.0/go.mod h1:zCgtz7VuLIXdGBrSkht1JPIXFv8z+0GA9DPpUtIcOTA=
github.com/webermarci/pantry v0.10.0 h1:d5SFkVEtW/oSWC/k9/hgCxz6IKGKpQyfLKsYD7iS1FY=
github.com/webermarci/pantry v0.10.0/go.mod h1:zCgtz7VuLIXdGBrSkht1JPIXFv8z+0GA9DPpUtIcOTA=
github.com/webermarci/pantry v0.12.0 h1:5gUeE74gQ5+wxeecvEGwIIlv2P5tQkZk1UAxP3KaKiU=
github.com/webermarci/pantry v0.12.0/go.mod h1:zCgtz7VuLIXdGBrSkht1JPIXFv8z+0GA9DPpUtIcOTA=
